
Microsoft Visual Studio Solution File, Format Version 12.00
# Visual Studio Version 17
VisualStudioVersion = 17.5.33516.290
MinimumVisualStudioVersion = 10.0.40219.1
Project("{9A19103F-16F7-4668-BE54-9A1E7A4F7556}") = "CarbonEconomy", "CarbonEconomy\CarbonEconomy.csproj", "{016102EE-85E5-4191-9CF8-ECDC09AF1A00}"
EndProject
Project("{9A19103F-16F7-4668-BE54-9A1E7A4F7556}") = "CarbonEconomy.Tests", "CarbonEconomy.Tests\CarbonEconomy.Tests.csproj", "{BFCC240D-2853-44E8-B3D3-DC57D62C85AF}"
EndProject
Global
	GlobalSection(SolutionConfigurationPlatforms) = preSolution
		Debug|Any CPU = Debug|Any CPU
		Release|Any CPU = Release|Any CPU
	EndGlobalSection
	GlobalSection(ProjectConfigurationPlatforms) = postSolution
		{016102EE-85E5-4191-9CF8-ECDC09AF1A00}.Debug|Any CPU.ActiveCfg = Debug|Any CPU
		{016102EE-85E5-4191-9CF8-ECDC09AF1A00}.Debug|Any CPU.Build.0 = Debug|Any CPU
		{016102EE-85E5-4191-9CF8-ECDC09AF1A00}.Release|Any CPU.ActiveCfg = Release|Any CPU
		{016102EE-85E5-4191-9CF8-ECDC09AF1A00}.Release|Any CPU.Build.0 = Release|Any CPU
		{BFCC240D-2853-44E8-B3D3-DC57D62C85AF}.Debug|Any CPU.ActiveCfg = Debug|Any CPU
		{BFCC240D-2853-44E8-B3D3-DC57D62C85AF}.Debug|Any CPU.Build.0 = Debug|Any CPU
		{BFCC240D-2853-44E8-B3D3-DC57D62C85AF}.Release|Any CPU.ActiveCfg = Release|Any CPU
		{BFCC240D-2853-44E8-B3D3-DC57D62C85AF}.Release|Any CPU.Build.0 = Release|Any CPU
	EndGlobalSection
	GlobalSection(SolutionProperties) = preSolution
		HideSolutionNode = FALSE
	EndGlobalSection
	GlobalSection(ExtensibilityGlobals) = postSolution
		SolutionGuid = {9D8F11C3-52A3-4BF1-BACC-7FDC32482B33}
	EndGlobalSection
EndGlobal
